
Microsoft Visual Studio Solution File, Format Version 12.00
# Visual Studio Version 17
VisualStudioVersion = 17.3.32825.248
MinimumVisualStudioVersion = 10.0.40219.1
Project("{FAE04EC0-301F-11D3-BF4B-00C04F79EFBC}") = "RemoteShell", "RemoteShell.csproj", "{FED5AE1F-33A7-4345-8AB1-473989E7BD30}"
EndProject
Global
	GlobalSection(SolutionConfigurationPlatforms) = preSolution
		Debug|Any CPU = Debug|Any CPU
		Release|Any CPU = Release|Any CPU
	EndGlobalSection
	GlobalSection(ProjectConfigurationPlatforms) = postSolution
		{FED5AE1F-33A7-4345-8AB1-473989E7BD30}.Debug|Any CPU.ActiveCfg = Debug|Any CPU
		{FED5AE1F-33A7-4345-8AB1-473989E7BD30}.Debug|Any CPU.Build.0 = Debug|Any CPU
		{FED5AE1F-33A7-4345-8AB1-473989E7BD30}.Release|Any CPU.ActiveCfg = Release|Any CPU
		{FED5AE1F-33A7-4345-8AB1-473989E7BD30}.Release|Any CPU.Build.0 = Release|Any CPU
	EndGlobalSection
	GlobalSection(SolutionProperties) = preSolution
		HideSolutionNode = FALSE
	EndGlobalSection
	GlobalSection(ExtensibilityGlobals) = postSolution
		SolutionGuid = {2E7C6CDE-0068-451D-B946-1DBEE5F1F997}
	EndGlobalSection
EndGlobal
